
Microsoft Visual Studio Solution File, Format Version 11.00
# Visual Studio 2010
Project("{FAE04EC0-301F-11D3-BF4B-00C04F79EFBC}") = "BeansAndBox", "Assembly-CSharp.csproj", "{7B56B00A-E668-6929-CEBE-A542AC6F95BF}"
EndProject
Global
	GlobalSection(SolutionConfigurationPlatforms) = preSolution
		Debug|Any CPU = Debug|Any CPU
		Release|Any CPU = Release|Any CPU
	EndGlobalSection
	GlobalSection(ProjectConfigurationPlatforms) = postSolution
		{7B56B00A-E668-6929-CEBE-A542AC6F95BF}.Debug|Any CPU.ActiveCfg = Debug|Any CPU
		{7B56B00A-E668-6929-CEBE-A542AC6F95BF}.Debug|Any CPU.Build.0 = Debug|Any CPU
		{7B56B00A-E668-6929-CEBE-A542AC6F95BF}.Release|Any CPU.ActiveCfg = Release|Any CPU
		{7B56B00A-E668-6929-CEBE-A542AC6F95BF}.Release|Any CPU.Build.0 = Release|Any CPU
	EndGlobalSection
	GlobalSection(SolutionProperties) = preSolution
		HideSolutionNode = FALSE
	EndGlobalSection
	GlobalSection(MonoDevelopProperties) = preSolution
		StartupItem = Assembly-CSharp.csproj
	EndGlobalSection
EndGlobal
